{
  "name": "fixed-fast-reply",
  "version": "1.0.0",
  "description": "Permite convertir el editor de respuesta rápida en flotante, además, se puede cambiar el tamaño de todo el contenedor del editor",
  "author": "Julio Hurtado <juliohurtado.backend@gmail.com> (https://juliohurtado.github.io)",
  "license": "MIT",

  "repository": {
    "type": "git",
    "url": "git+https://github.com/juliohurtado/hl-modal-information.git"
  },
}
